#
# This file is autogenerated by pip-compile with Python 3.12
# by the following command:
#
#    pip-compile --output-file=requirements-build.lock requirements-build.in
#
aiosqlite==0.22.1
    # via langgraph-checkpoint-sqlite
altgraph==0.17.5
    # via
    #   macholib
    #   pyinstaller
annotated-types==0.8.0
    # via pydantic
anyio==4.14.2
    # via
    #   httpx
    #   langsmith
    #   mcp
    #   sse-starlette
    #   starlette
apscheduler==3.11.3
    # via -r requirements-build.in
attrs==26.1.0
    # via
    #   jsonschema
    #   referencing
babel==2.18.0
    # via courlan
beautifulsoup4==4.15.0
    # via -r requirements-build.in
certifi==2026.7.22
    # via
    #   httpcore
    #   httpx
    #   requests
    #   trafilatura
cffi==2.1.0
    # via cryptography
charset-normalizer==3.4.9
    # via
    #   htmldate
    #   requests
    #   trafilatura
click==8.4.2
    # via
    #   -r requirements-build.in
    #   ddgs
    #   duckduckgo-search
    #   uvicorn
courlan==1.4.0
    # via trafilatura
coverage[toml]==7.15.2
    # via pytest-cov
cryptography==49.0.0
    # via pyjwt
dateparser==1.4.1
    # via htmldate
ddgs==9.14.3
    # via -r requirements-build.in
distro==1.9.0
    # via langsmith
duckduckgo-search==6.4.2
    # via -r requirements-build.in
feedparser==6.0.12
    # via -r requirements-build.in
greenlet==3.5.4
    # via playwright
h11==0.16.0
    # via
    #   httpcore
    #   uvicorn
htmldate==1.10.0
    # via trafilatura
httpcore==1.0.9
    # via httpx
httpx==0.27.2
    # via
    #   -r requirements-build.in
    #   langgraph-sdk
    #   langsmith
    #   lark-oapi
    #   mcp
httpx-sse==0.4.3
    # via
    #   -r requirements-build.in
    #   mcp
idna==3.18
    # via
    #   anyio
    #   httpx
    #   requests
iniconfig==2.3.0
    # via pytest
jaraco-classes==3.4.0
    # via keyring
jieba==0.42.1
    # via -r requirements-build.in
jsonpatch==1.33
    # via langchain-core
jsonpointer==3.1.1
    # via jsonpatch
jsonschema==4.26.0
    # via mcp
jsonschema-specifications==2025.9.1
    # via jsonschema
justext==3.0.2
    # via trafilatura
keyring==24.3.1
    # via -r requirements-build.in
langchain-core==1.5.1
    # via
    #   langgraph
    #   langgraph-checkpoint
    #   langgraph-prebuilt
    #   langgraph-sdk
langchain-protocol==0.0.18
    # via
    #   langchain-core
    #   langgraph-sdk
langgraph==1.2.9
    # via -r requirements-build.in
langgraph-checkpoint==4.1.1
    # via
    #   langgraph
    #   langgraph-checkpoint-sqlite
    #   langgraph-prebuilt
langgraph-checkpoint-sqlite==3.1.0
    # via -r requirements-build.in
langgraph-prebuilt==1.1.0
    # via langgraph
langgraph-sdk==0.4.2
    # via langgraph
langsmith==0.10.10
    # via langchain-core
lark-oapi==1.7.1
    # via -r requirements-build.in
lxml[html-clean]==6.1.1
    # via
    #   ddgs
    #   htmldate
    #   justext
    #   lxml-html-clean
    #   trafilatura
lxml-html-clean==0.4.5
    # via lxml
macholib==1.16.4
    # via pyinstaller
markdown==3.10.2
    # via -r requirements-build.in
mcp==1.28.1
    # via -r requirements-build.in
more-itertools==11.1.0
    # via jaraco-classes
orjson==3.11.9
    # via
    #   langgraph-sdk
    #   langsmith
ormsgpack==1.12.2
    # via langgraph-checkpoint
packaging==26.2
    # via
    #   langchain-core
    #   langsmith
    #   pyinstaller
    #   pyinstaller-hooks-contrib
    #   pytest
playwright==1.61.0
    # via -r requirements-build.in
pluggy==1.6.0
    # via pytest
poetry-core==2.1.3
    # via -r requirements-build.in
primp==1.3.1
    # via
    #   ddgs
    #   duckduckgo-search
pycparser==3.0
    # via cffi
pycryptodome==3.23.0
    # via lark-oapi
pydantic==2.13.4
    # via
    #   -r requirements-build.in
    #   langchain-core
    #   langgraph
    #   langsmith
    #   mcp
    #   pydantic-settings
pydantic-core==2.46.4
    # via pydantic
pydantic-settings==2.14.2
    # via
    #   -r requirements-build.in
    #   mcp
pyee==13.0.1
    # via playwright
pyinstaller==6.20.0
    # via -r requirements-build.in
pyinstaller-hooks-contrib==2026.6
    # via pyinstaller
pyjwt[crypto]==2.13.0
    # via mcp
pyqt6==6.11.0
    # via -r requirements-build.in
pyqt6-qt6==6.11.1
    # via pyqt6
pyqt6-sip==13.11.1
    # via pyqt6
pytest==7.4.4
    # via
    #   -r requirements-build.in
    #   pytest-cov
pytest-cov==4.1.0
    # via -r requirements-build.in
python-dateutil==2.9.0.post0
    # via
    #   dateparser
    #   htmldate
python-dotenv==1.2.2
    # via pydantic-settings
python-multipart==0.0.32
    # via mcp
pytz==2026.3.post1
    # via dateparser
pyyaml==6.0.3
    # via
    #   -r requirements-build.in
    #   langchain-core
referencing==0.37.0
    # via
    #   jsonschema
    #   jsonschema-specifications
regex==2026.7.19
    # via
    #   dateparser
    #   tiktoken
requests==2.34.2
    # via
    #   -r requirements-build.in
    #   langsmith
    #   lark-oapi
    #   requests-toolbelt
    #   tiktoken
requests-toolbelt==1.0.0
    # via
    #   langsmith
    #   lark-oapi
rpds-py==2026.6.3
    # via
    #   jsonschema
    #   referencing
sgmllib3k==1.0.0
    # via feedparser
six==1.17.0
    # via python-dateutil
sniffio==1.3.1
    # via
    #   httpx
    #   langsmith
soupsieve==2.9.1
    # via beautifulsoup4
sqlalchemy==2.0.51
    # via -r requirements-build.in
sqlite-vec==0.1.9
    # via langgraph-checkpoint-sqlite
sse-starlette==3.4.6
    # via mcp
starlette==1.3.1
    # via
    #   mcp
    #   sse-starlette
tenacity==9.1.4
    # via langchain-core
tiktoken==0.7.0
    # via -r requirements-build.in
tld==0.13.2
    # via courlan
trafilatura==1.12.2
    # via -r requirements-build.in
typing-extensions==4.16.0
    # via
    #   anyio
    #   beautifulsoup4
    #   langchain-core
    #   langchain-protocol
    #   langsmith
    #   mcp
    #   pydantic
    #   pydantic-core
    #   pyee
    #   referencing
    #   sqlalchemy
    #   starlette
    #   typing-inspection
typing-inspection==0.4.2
    # via
    #   mcp
    #   pydantic
    #   pydantic-settings
tzlocal==5.4.4
    # via
    #   apscheduler
    #   dateparser
urllib3==2.7.0
    # via
    #   courlan
    #   htmldate
    #   requests
    #   trafilatura
uuid-utils==0.17.0
    # via
    #   langchain-core
    #   langsmith
uvicorn==0.51.0
    # via mcp
websockets==15.0.1
    # via
    #   langgraph-sdk
    #   langsmith
    #   lark-oapi
xxhash==3.8.1
    # via
    #   langgraph
    #   langsmith
zstandard==0.25.0
    # via langsmith

# The following packages are considered to be unsafe in a requirements file:
# setuptools
